
Microsoft Visual Studio Solution File, Format Version 12.00
# Visual Studio Version 16
VisualStudioVersion = 16.0.31112.23
MinimumVisualStudioVersion = 10.0.40219.1
Project("{FAE04EC0-301F-11D3-BF4B-00C04F79EFBC}") = "CGSLibrary", "CGSLibrary.csproj", "{EB050FA0-EF26-4052-860F-D7C714392A77}"
EndProject
Global
	GlobalSection(SolutionConfigurationPlatforms) = preSolution
		Debug|Any CPU = Debug|Any CPU
		Release|Any CPU = Release|Any CPU
	EndGlobalSection
	GlobalSection(ProjectConfigurationPlatforms) = postSolution
		{EB050FA0-EF26-4052-860F-D7C714392A77}.Debug|Any CPU.ActiveCfg = Debug|Any CPU
		{EB050FA0-EF26-4052-860F-D7C714392A77}.Debug|Any CPU.Build.0 = Debug|Any CPU
		{EB050FA0-EF26-4052-860F-D7C714392A77}.Release|Any CPU.ActiveCfg = Release|Any CPU
		{EB050FA0-EF26-4052-860F-D7C714392A77}.Release|Any CPU.Build.0 = Release|Any CPU
	EndGlobalSection
	GlobalSection(SolutionProperties) = preSolution
		HideSolutionNode = FALSE
	EndGlobalSection
	GlobalSection(ExtensibilityGlobals) = postSolution
		SolutionGuid = {89989688-CA78-4719-8D66-8E28479542FB}
	EndGlobalSection
EndGlobal
